// !$*UTF8*$!
{
	archiveVersion = 1;
	classes = {
	};
	objectVersion = 46;
	objects = {

/* Begin PBXBuildFile section */
		4C43F573136243BF00562474 /* UIKit.framework in Frameworks */ = {isa = PBXBuildFile; fileRef = 4C43F572136243BF00562474 /* UIKit.framework */; };
		4C43F575136243BF00562474 /* Foundation.framework in Frameworks */ = {isa = PBXBuildFile; fileRef = 4C43F574136243BF00562474 /* Foundation.framework */; };
		4C43F577136243BF00562474 /* CoreGraphics.framework in Frameworks */ = {isa = PBXBuildFile; fileRef = 4C43F576136243BF00562474 /* CoreGraphics.framework */; };
		4C43F57D136243BF00562474 /* InfoPlist.strings in Resources */ = {isa = PBXBuildFile; fileRef = 4C43F57B136243BF00562474 /* InfoPlist.strings */; };
		4C43F580136243BF00562474 /* main.m in Sources */ = {isa = PBXBuildFile; fileRef = 4C43F57F136243BF00562474 /* main.m */; };
		4C43F583136243BF00562474 /* FamilyListAppDelegate.m in Sources */ = {isa = PBXBuildFile; fileRef = 4C43F582136243BF00562474 /* FamilyListAppDelegate.m */; };
		4C43F586136243BF00562474 /* MainWindow.xib in Resources */ = {isa = PBXBuildFile; fileRef = 4C43F584136243BF00562474 /* MainWindow.xib */; };
		4C43F5CE136244E800562474 /* Geni.m in Sources */ = {isa = PBXBuildFile; fileRef = 4C43F5BC136244E800562474 /* Geni.m */; };
		4C43F5CF136244E800562474 /* GeniRequest.m in Sources */ = {isa = PBXBuildFile; fileRef = 4C43F5BF136244E800562474 /* GeniRequest.m */; };
		4C43F5D0136244E800562474 /* NSObject+SBJSON.m in Sources */ = {isa = PBXBuildFile; fileRef = 4C43F5C3136244E800562474 /* NSObject+SBJSON.m */; };
		4C43F5D1136244E800562474 /* NSString+SBJSON.m in Sources */ = {isa = PBXBuildFile; fileRef = 4C43F5C5136244E800562474 /* NSString+SBJSON.m */; };
		4C43F5D2136244E800562474 /* SBJSON.m in Sources */ = {isa = PBXBuildFile; fileRef = 4C43F5C7136244E800562474 /* SBJSON.m */; };
		4C43F5D3136244E800562474 /* SBJsonBase.m in Sources */ = {isa = PBXBuildFile; fileRef = 4C43F5C9136244E800562474 /* SBJsonBase.m */; };
		4C43F5D4136244E800562474 /* SBJsonParser.m in Sources */ = {isa = PBXBuildFile; fileRef = 4C43F5CB136244E800562474 /* SBJsonParser.m */; };
		4C43F5D5136244E800562474 /* SBJsonWriter.m in Sources */ = {isa = PBXBuildFile; fileRef = 4C43F5CD136244E800562474 /* SBJsonWriter.m */; };
		4C43F5E613624E4D00562474 /* LoginViewController.m in Sources */ = {isa = PBXBuildFile; fileRef = 4C43F5E413624E4D00562474 /* LoginViewController.m */; };
		4C43F5E713624E4D00562474 /* LoginViewController.xib in Resources */ = {isa = PBXBuildFile; fileRef = 4C43F5E513624E4D00562474 /* LoginViewController.xib */; };
		4C43F5F21362513C00562474 /* FamilyListTableViewController.m in Sources */ = {isa = PBXBuildFile; fileRef = 4C43F5F01362513C00562474 /* FamilyListTableViewController.m */; };
		4C43F5F31362513C00562474 /* FamilyListTableViewController.xib in Resources */ = {isa = PBXBuildFile; fileRef = 4C43F5F11362513C00562474 /* FamilyListTableViewController.xib */; };
		4C43F61013625CFC00562474 /* Profile.m in Sources */ = {isa = PBXBuildFile; fileRef = 4C43F60F13625CFC00562474 /* Profile.m */; };
		4C8B84D3136789CE008B461E /* logo_large.png in Resources */ = {isa = PBXBuildFile; fileRef = 4C8B84D2136789CE008B461E /* logo_large.png */; };
		4CFA094B13661AFA008D3C1C /* icon.png in Resources */ = {isa = PBXBuildFile; fileRef = 4CFA094813661AFA008D3C1C /* icon.png */; };
		4CFA094C13661AFA008D3C1C /* icon@2x.png in Resources */ = {isa = PBXBuildFile; fileRef = 4CFA094913661AFA008D3C1C /* icon@2x.png */; };
		4CFA095A136632C7008D3C1C /* ProfileTableViewCell.m in Sources */ = {isa = PBXBuildFile; fileRef = 4CFA0959136632C7008D3C1C /* ProfileTableViewCell.m */; };
		4CFA096C136656E5008D3C1C /* photo_silhouette_female.gif in Resources */ = {isa = PBXBuildFile; fileRef = 4CFA0969136656E4008D3C1C /* photo_silhouette_female.gif */; };
		4CFA096D136656E5008D3C1C /* photo_silhouette_male.gif in Resources */ = {isa = PBXBuildFile; fileRef = 4CFA096A136656E4008D3C1C /* photo_silhouette_male.gif */; };
		4CFA096E136656E5008D3C1C /* photo_silhouette_unknown.gif in Resources */ = {isa = PBXBuildFile; fileRef = 4CFA096B136656E5008D3C1C /* photo_silhouette_unknown.gif */; };
		4CFA097213665764008D3C1C /* ImmediateFamilyTableViewController.m in Sources */ = {isa = PBXBuildFile; fileRef = 4CFA097013665763008D3C1C /* ImmediateFamilyTableViewController.m */; };
		4CFA097313665764008D3C1C /* ImmediateFamilyTableViewController.xib in Resources */ = {isa = PBXBuildFile; fileRef = 4CFA097113665764008D3C1C /* ImmediateFamilyTableViewController.xib */; };
		4CFA097613665878008D3C1C /* Union.m in Sources */ = {isa = PBXBuildFile; fileRef = 4CFA097513665878008D3C1C /* Union.m */; };
		4CFA0979136658D2008D3C1C /* Model.m in Sources */ = {isa = PBXBuildFile; fileRef = 4CFA0978136658D2008D3C1C /* Model.m */; };
		4CFA097C13665D2E008D3C1C /* GeniTableViewController.m in Sources */ = {isa = PBXBuildFile; fileRef = 4CFA097B13665D2D008D3C1C /* GeniTableViewController.m */; };
/* End PBXBuildFile section */

/* Begin PBXFileReference section */
		4C43F56E136243BF00562474 /* FamilyList.app */ = {isa = PBXFileReference; explicitFileType = wrapper.application; includeInIndex = 0; path = FamilyList.app; sourceTree = BUILT_PRODUCTS_DIR; };
		4C43F572136243BF00562474 /* UIKit.framework */ = {isa = PBXFileReference; lastKnownFileType = wrapper.framework; name = UIKit.framework; path = System/Library/Frameworks/UIKit.framework; sourceTree = SDKROOT; };
		4C43F574136243BF00562474 /* Foundation.framework */ = {isa = PBXFileReference; lastKnownFileType = wrapper.framework; name = Foundation.framework; path = System/Library/Frameworks/Foundation.framework; sourceTree = SDKROOT; };
		4C43F576136243BF00562474 /* CoreGraphics.framework */ = {isa = PBXFileReference; lastKnownFileType = wrapper.framework; name = CoreGraphics.framework; path = System/Library/Frameworks/CoreGraphics.framework; sourceTree = SDKROOT; };
		4C43F57A136243BF00562474 /* FamilyList-Info.plist */ = {isa = PBXFileReference; lastKnownFileType = text.plist.xml; path = "FamilyList-Info.plist"; sourceTree = "<group>"; };
		4C43F57C136243BF00562474 /* en */ = {isa = PBXFileReference; lastKnownFileType = text.plist.strings; name = en; path = en.lproj/InfoPlist.strings; sourceTree = "<group>"; };
		4C43F57E136243BF00562474 /* FamilyList-Prefix.pch */ = {isa = PBXFileReference; lastKnownFileType = sourcecode.c.h; path = "FamilyList-Prefix.pch"; sourceTree = "<group>"; };
		4C43F57F136243BF00562474 /* main.m */ = {isa = PBXFileReference; lastKnownFileType = sourcecode.c.objc; path = main.m; sourceTree = "<group>"; };
		4C43F581136243BF00562474 /* FamilyListAppDelegate.h */ = {isa = PBXFileReference; lastKnownFileType = sourcecode.c.h; path = FamilyListAppDelegate.h; sourceTree = "<group>"; };
		4C43F582136243BF00562474 /* FamilyListAppDelegate.m */ = {isa = PBXFileReference; lastKnownFileType = sourcecode.c.objc; path = FamilyListAppDelegate.m; sourceTree = "<group>"; };
		4C43F585136243BF00562474 /* en */ = {isa = PBXFileReference; lastKnownFileType = file.xib; name = en; path = en.lproj/MainWindow.xib; sourceTree = "<group>"; };
		4C43F5BB136244E800562474 /* Geni.h */ = {isa = PBXFileReference; fileEncoding = 4; lastKnownFileType = sourcecode.c.h; path = Geni.h; sourceTree = "<group>"; };
		4C43F5BC136244E800562474 /* Geni.m */ = {isa = PBXFileReference; fileEncoding = 4; lastKnownFileType = sourcecode.c.objc; path = Geni.m; sourceTree = "<group>"; };
		4C43F5BD136244E800562474 /* GeniConnect.h */ = {isa = PBXFileReference; fileEncoding = 4; lastKnownFileType = sourcecode.c.h; path = GeniConnect.h; sourceTree = "<group>"; };
		4C43F5BE136244E800562474 /* GeniRequest.h */ = {isa = PBXFileReference; fileEncoding = 4; lastKnownFileType = sourcecode.c.h; path = GeniRequest.h; sourceTree = "<group>"; };
		4C43F5BF136244E800562474 /* GeniRequest.m */ = {isa = PBXFileReference; fileEncoding = 4; lastKnownFileType = sourcecode.c.objc; path = GeniRequest.m; sourceTree = "<group>"; };
		4C43F5C1136244E800562474 /* JSON.h */ = {isa = PBXFileReference; fileEncoding = 4; lastKnownFileType = sourcecode.c.h; path = JSON.h; sourceTree = "<group>"; };
		4C43F5C2136244E800562474 /* NSObject+SBJSON.h */ = {isa = PBXFileReference; fileEncoding = 4; lastKnownFileType = sourcecode.c.h; path = "NSObject+SBJSON.h"; sourceTree = "<group>"; };
		4C43F5C3136244E800562474 /* NSObject+SBJSON.m */ = {isa = PBXFileReference; fileEncoding = 4; lastKnownFileType = sourcecode.c.objc; path = "NSObject+SBJSON.m"; sourceTree = "<group>"; };
		4C43F5C4136244E800562474 /* NSString+SBJSON.h */ = {isa = PBXFileReference; fileEncoding = 4; lastKnownFileType = sourcecode.c.h; path = "NSString+SBJSON.h"; sourceTree = "<group>"; };
		4C43F5C5136244E800562474 /* NSString+SBJSON.m */ = {isa = PBXFileReference; fileEncoding = 4; lastKnownFileType = sourcecode.c.objc; path = "NSString+SBJSON.m"; sourceTree = "<group>"; };
		4C43F5C6136244E800562474 /* SBJSON.h */ = {isa = PBXFileReference; fileEncoding = 4; lastKnownFileType = sourcecode.c.h; path = SBJSON.h; sourceTree = "<group>"; };
		4C43F5C7136244E800562474 /* SBJSON.m */ = {isa = PBXFileReference; fileEncoding = 4; lastKnownFileType = sourcecode.c.objc; path = SBJSON.m; sourceTree = "<group>"; };
		4C43F5C8136244E800562474 /* SBJsonBase.h */ = {isa = PBXFileReference; fileEncoding = 4; lastKnownFileType = sourcecode.c.h; path = SBJsonBase.h; sourceTree = "<group>"; };
		4C43F5C9136244E800562474 /* SBJsonBase.m */ = {isa = PBXFileReference; fileEncoding = 4; lastKnownFileType = sourcecode.c.objc; path = SBJsonBase.m; sourceTree = "<group>"; };
		4C43F5CA136244E800562474 /* SBJsonParser.h */ = {isa = PBXFileReference; fileEncoding = 4; lastKnownFileType = sourcecode.c.h; path = SBJsonParser.h; sourceTree = "<group>"; };
		4C43F5CB136244E800562474 /* SBJsonParser.m */ = {isa = PBXFileReference; fileEncoding = 4; lastKnownFileType = sourcecode.c.objc; path = SBJsonParser.m; sourceTree = "<group>"; };
		4C43F5CC136244E800562474 /* SBJsonWriter.h */ = {isa = PBXFileReference; fileEncoding = 4; lastKnownFileType = sourcecode.c.h; path = SBJsonWriter.h; sourceTree = "<group>"; };
		4C43F5CD136244E800562474 /* SBJsonWriter.m */ = {isa = PBXFileReference; fileEncoding = 4; lastKnownFileType = sourcecode.c.objc; path = SBJsonWriter.m; sourceTree = "<group>"; };
		4C43F5E313624E4D00562474 /* LoginViewController.h */ = {isa = PBXFileReference; fileEncoding = 4; lastKnownFileType = sourcecode.c.h; path = LoginViewController.h; sourceTree = "<group>"; };
		4C43F5E413624E4D00562474 /* LoginViewController.m */ = {isa = PBXFileReference; fileEncoding = 4; lastKnownFileType = sourcecode.c.objc; path = LoginViewController.m; sourceTree = "<group>"; };
		4C43F5E513624E4D00562474 /* LoginViewController.xib */ = {isa = PBXFileReference; fileEncoding = 4; lastKnownFileType = file.xib; path = LoginViewController.xib; sourceTree = "<group>"; };
		4C43F5EF1362513C00562474 /* FamilyListTableViewController.h */ = {isa = PBXFileReference; fileEncoding = 4; lastKnownFileType = sourcecode.c.h; path = FamilyListTableViewController.h; sourceTree = "<group>"; };
		4C43F5F01362513C00562474 /* FamilyListTableViewController.m */ = {isa = PBXFileReference; fileEncoding = 4; lastKnownFileType = sourcecode.c.objc; path = FamilyListTableViewController.m; sourceTree = "<group>"; };
		4C43F5F11362513C00562474 /* FamilyListTableViewController.xib */ = {isa = PBXFileReference; fileEncoding = 4; lastKnownFileType = file.xib; path = FamilyListTableViewController.xib; sourceTree = "<group>"; };
		4C43F60E13625CFC00562474 /* Profile.h */ = {isa = PBXFileReference; fileEncoding = 4; lastKnownFileType = sourcecode.c.h; path = Profile.h; sourceTree = "<group>"; };
		4C43F60F13625CFC00562474 /* Profile.m */ = {isa = PBXFileReference; fileEncoding = 4; lastKnownFileType = sourcecode.c.objc; path = Profile.m; sourceTree = "<group>"; };
		4C8B84D2136789CE008B461E /* logo_large.png */ = {isa = PBXFileReference; lastKnownFileType = image.png; path = logo_large.png; sourceTree = "<group>"; };
		4CFA094813661AFA008D3C1C /* icon.png */ = {isa = PBXFileReference; lastKnownFileType = image.png; name = icon.png; path = FamilyList/icon.png; sourceTree = "<group>"; };
		4CFA094913661AFA008D3C1C /* icon@2x.png */ = {isa = PBXFileReference; lastKnownFileType = image.png; name = "icon@2x.png"; path = "FamilyList/icon@2x.png"; sourceTree = "<group>"; };
		4CFA0958136632C7008D3C1C /* ProfileTableViewCell.h */ = {isa = PBXFileReference; fileEncoding = 4; lastKnownFileType = sourcecode.c.h; path = ProfileTableViewCell.h; sourceTree = "<group>"; };
		4CFA0959136632C7008D3C1C /* ProfileTableViewCell.m */ = {isa = PBXFileReference; fileEncoding = 4; lastKnownFileType = sourcecode.c.objc; path = ProfileTableViewCell.m; sourceTree = "<group>"; };
		4CFA0969136656E4008D3C1C /* photo_silhouette_female.gif */ = {isa = PBXFileReference; lastKnownFileType = image.gif; name = photo_silhouette_female.gif; path = FamilyList/photo_silhouette_female.gif; sourceTree = "<group>"; };
		4CFA096A136656E4008D3C1C /* photo_silhouette_male.gif */ = {isa = PBXFileReference; lastKnownFileType = image.gif; name = photo_silhouette_male.gif; path = FamilyList/photo_silhouette_male.gif; sourceTree = "<group>"; };
		4CFA096B136656E5008D3C1C /* photo_silhouette_unknown.gif */ = {isa = PBXFileReference; lastKnownFileType = image.gif; name = photo_silhouette_unknown.gif; path = FamilyList/photo_silhouette_unknown.gif; sourceTree = "<group>"; };
		4CFA096F13665763008D3C1C /* ImmediateFamilyTableViewController.h */ = {isa = PBXFileReference; fileEncoding = 4; lastKnownFileType = sourcecode.c.h; path = ImmediateFamilyTableViewController.h; sourceTree = "<group>"; };
		4CFA097013665763008D3C1C /* ImmediateFamilyTableViewController.m */ = {isa = PBXFileReference; fileEncoding = 4; lastKnownFileType = sourcecode.c.objc; path = ImmediateFamilyTableViewController.m; sourceTree = "<group>"; };
		4CFA097113665764008D3C1C /* ImmediateFamilyTableViewController.xib */ = {isa = PBXFileReference; fileEncoding = 4; lastKnownFileType = file.xib; path = ImmediateFamilyTableViewController.xib; sourceTree = "<group>"; };
		4CFA097413665878008D3C1C /* Union.h */ = {isa = PBXFileReference; fileEncoding = 4; lastKnownFileType = sourcecode.c.h; path = Union.h; sourceTree = "<group>"; };
		4CFA097513665878008D3C1C /* Union.m */ = {isa = PBXFileReference; fileEncoding = 4; lastKnownFileType = sourcecode.c.objc; path = Union.m; sourceTree = "<group>"; };
		4CFA0977136658D2008D3C1C /* Model.h */ = {isa = PBXFileReference; fileEncoding = 4; lastKnownFileType = sourcecode.c.h; path = Model.h; sourceTree = "<group>"; };
		4CFA0978136658D2008D3C1C /* Model.m */ = {isa = PBXFileReference; fileEncoding = 4; lastKnownFileType = sourcecode.c.objc; path = Model.m; sourceTree = "<group>"; };
		4CFA097A13665D2C008D3C1C /* GeniTableViewController.h */ = {isa = PBXFileReference; fileEncoding = 4; lastKnownFileType = sourcecode.c.h; path = GeniTableViewController.h; sourceTree = "<group>"; };
		4CFA097B13665D2D008D3C1C /* GeniTableViewController.m */ = {isa = PBXFileReference; fileEncoding = 4; lastKnownFileType = sourcecode.c.objc; path = GeniTableViewController.m; sourceTree = "<group>"; };
/* End PBXFileReference section */

/* Begin PBXFrameworksBuildPhase section */
		4C43F56B136243BF00562474 /* Frameworks */ = {
			isa = PBXFrameworksBuildPhase;
			buildActionMask = 2147483647;
			files = (
				4C43F573136243BF00562474 /* UIKit.framework in Frameworks */,
				4C43F575136243BF00562474 /* Foundation.framework in Frameworks */,
				4C43F577136243BF00562474 /* CoreGraphics.framework in Frameworks */,
			);
			runOnlyForDeploymentPostprocessing = 0;
		};
/* End PBXFrameworksBuildPhase section */

/* Begin PBXGroup section */
		4C43F563136243BE00562474 = {
			isa = PBXGroup;
			children = (
				4C43F5ED1362503600562474 /* Resources */,
				4C43F5B6136244E800562474 /* GeniConnect */,
				4C43F579136243BF00562474 /* Supporting Files */,
				4C43F578136243BF00562474 /* FamilyList */,
				4C43F571136243BF00562474 /* Frameworks */,
				4C43F56F136243BF00562474 /* Products */,
			);
			sourceTree = "<group>";
		};
		4C43F56F136243BF00562474 /* Products */ = {
			isa = PBXGroup;
			children = (
				4C43F56E136243BF00562474 /* FamilyList.app */,
			);
			name = Products;
			sourceTree = "<group>";
		};
		4C43F571136243BF00562474 /* Frameworks */ = {
			isa = PBXGroup;
			children = (
				4C43F572136243BF00562474 /* UIKit.framework */,
				4C43F574136243BF00562474 /* Foundation.framework */,
				4C43F576136243BF00562474 /* CoreGraphics.framework */,
			);
			name = Frameworks;
			sourceTree = "<group>";
		};
		4C43F578136243BF00562474 /* FamilyList */ = {
			isa = PBXGroup;
			children = (
				4C43F60C1362569400562474 /* Delegates */,
				4C43F60B1362567E00562474 /* Models */,
				4C43F60D136256A100562474 /* Views */,
				4C43F60A1362566F00562474 /* Controllers */,
			);
			path = FamilyList;
			sourceTree = "<group>";
		};
		4C43F579136243BF00562474 /* Supporting Files */ = {
			isa = PBXGroup;
			children = (
				4C43F57A136243BF00562474 /* FamilyList-Info.plist */,
				4C43F57B136243BF00562474 /* InfoPlist.strings */,
				4C43F57E136243BF00562474 /* FamilyList-Prefix.pch */,
				4C43F57F136243BF00562474 /* main.m */,
			);
			name = "Supporting Files";
			path = FamilyList;
			sourceTree = "<group>";
		};
		4C43F5B6136244E800562474 /* GeniConnect */ = {
			isa = PBXGroup;
			children = (
				4C43F5BB136244E800562474 /* Geni.h */,
				4C43F5BC136244E800562474 /* Geni.m */,
				4C43F5BD136244E800562474 /* GeniConnect.h */,
				4C43F5BE136244E800562474 /* GeniRequest.h */,
				4C43F5BF136244E800562474 /* GeniRequest.m */,
				4C43F5C0136244E800562474 /* JSON */,
			);
			name = GeniConnect;
			path = ../../src;
			sourceTree = "<group>";
		};
		4C43F5C0136244E800562474 /* JSON */ = {
			isa = PBXGroup;
			children = (
				4C43F5C1136244E800562474 /* JSON.h */,
				4C43F5C2136244E800562474 /* NSObject+SBJSON.h */,
				4C43F5C3136244E800562474 /* NSObject+SBJSON.m */,
				4C43F5C4136244E800562474 /* NSString+SBJSON.h */,
				4C43F5C5136244E800562474 /* NSString+SBJSON.m */,
				4C43F5C6136244E800562474 /* SBJSON.h */,
				4C43F5C7136244E800562474 /* SBJSON.m */,
				4C43F5C8136244E800562474 /* SBJsonBase.h */,
				4C43F5C9136244E800562474 /* SBJsonBase.m */,
				4C43F5CA136244E800562474 /* SBJsonParser.h */,
				4C43F5CB136244E800562474 /* SBJsonParser.m */,
				4C43F5CC136244E800562474 /* SBJsonWriter.h */,
				4C43F5CD136244E800562474 /* SBJsonWriter.m */,
			);
			path = JSON;
			sourceTree = "<group>";
		};
		4C43F5ED1362503600562474 /* Resources */ = {
			isa = PBXGroup;
			children = (
				4C43F5EE1362504000562474 /* Images */,
			);
			name = Resources;
			sourceTree = "<group>";
		};
		4C43F5EE1362504000562474 /* Images */ = {
			isa = PBXGroup;
			children = (
				4CFA0969136656E4008D3C1C /* photo_silhouette_female.gif */,
				4CFA096A136656E4008D3C1C /* photo_silhouette_male.gif */,
				4CFA096B136656E5008D3C1C /* photo_silhouette_unknown.gif */,
				4CFA094813661AFA008D3C1C /* icon.png */,
				4CFA094913661AFA008D3C1C /* icon@2x.png */,
				4C8B84D2136789CE008B461E /* logo_large.png */,
			);
			name = Images;
			sourceTree = "<group>";
		};
		4C43F60A1362566F00562474 /* Controllers */ = {
			isa = PBXGroup;
			children = (
				4C43F584136243BF00562474 /* MainWindow.xib */,
				4CFA097A13665D2C008D3C1C /* GeniTableViewController.h */,
				4CFA097B13665D2D008D3C1C /* GeniTableViewController.m */,
				4C43F5E313624E4D00562474 /* LoginViewController.h */,
				4C43F5E413624E4D00562474 /* LoginViewController.m */,
				4C43F5E513624E4D00562474 /* LoginViewController.xib */,
				4C43F5EF1362513C00562474 /* FamilyListTableViewController.h */,
				4C43F5F01362513C00562474 /* FamilyListTableViewController.m */,
				4C43F5F11362513C00562474 /* FamilyListTableViewController.xib */,
				4CFA096F13665763008D3C1C /* ImmediateFamilyTableViewController.h */,
				4CFA097013665763008D3C1C /* ImmediateFamilyTableViewController.m */,
				4CFA097113665764008D3C1C /* ImmediateFamilyTableViewController.xib */,
			);
			name = Controllers;
			sourceTree = "<group>";
		};
		4C43F60B1362567E00562474 /* Models */ = {
			isa = PBXGroup;
			children = (
				4CFA097413665878008D3C1C /* Union.h */,
				4CFA097513665878008D3C1C /* Union.m */,
				4C43F60E13625CFC00562474 /* Profile.h */,
				4C43F60F13625CFC00562474 /* Profile.m */,
				4CFA0977136658D2008D3C1C /* Model.h */,
				4CFA0978136658D2008D3C1C /* Model.m */,
			);
			name = Models;
			sourceTree = "<group>";
		};
		4C43F60C1362569400562474 /* Delegates */ = {
			isa = PBXGroup;
			children = (
				4C43F581136243BF00562474 /* FamilyListAppDelegate.h */,
				4C43F582136243BF00562474 /* FamilyListAppDelegate.m */,
			);
			name = Delegates;
			sourceTree = "<group>";
		};
		4C43F60D136256A100562474 /* Views */ = {
			isa = PBXGroup;
			children = (
				4CFA0958136632C7008D3C1C /* ProfileTableViewCell.h */,
				4CFA0959136632C7008D3C1C /* ProfileTableViewCell.m */,
			);
			name = Views;
			sourceTree = "<group>";
		};
/* End PBXGroup section */

/* Begin PBXNativeTarget section */
		4C43F56D136243BF00562474 /* FamilyList */ = {
			isa = PBXNativeTarget;
			buildConfigurationList = 4C43F58F136243BF00562474 /* Build configuration list for PBXNativeTarget "FamilyList" */;
			buildPhases = (
				4C43F56A136243BF00562474 /* Sources */,
				4C43F56B136243BF00562474 /* Frameworks */,
				4C43F56C136243BF00562474 /* Resources */,
			);
			buildRules = (
			);
			dependencies = (
			);
			name = FamilyList;
			productName = FamilyList;
			productReference = 4C43F56E136243BF00562474 /* FamilyList.app */;
			productType = "com.apple.product-type.application";
		};
/* End PBXNativeTarget section */

/* Begin PBXProject section */
		4C43F565136243BE00562474 /* Project object */ = {
			isa = PBXProject;
			attributes = {
				ORGANIZATIONNAME = Geni.com;
			};
			buildConfigurationList = 4C43F568136243BE00562474 /* Build configuration list for PBXProject "FamilyList" */;
			compatibilityVersion = "Xcode 3.2";
			developmentRegion = English;
			hasScannedForEncodings = 0;
			knownRegions = (
				en,
			);
			mainGroup = 4C43F563136243BE00562474;
			productRefGroup = 4C43F56F136243BF00562474 /* Products */;
			projectDirPath = "";
			projectRoot = "";
			targets = (
				4C43F56D136243BF00562474 /* FamilyList */,
			);
		};
/* End PBXProject section */

/* Begin PBXResourcesBuildPhase section */
		4C43F56C136243BF00562474 /* Resources */ = {
			isa = PBXResourcesBuildPhase;
			buildActionMask = 2147483647;
			files = (
				4C43F57D136243BF00562474 /* InfoPlist.strings in Resources */,
				4C43F586136243BF00562474 /* MainWindow.xib in Resources */,
				4C43F5E713624E4D00562474 /* LoginViewController.xib in Resources */,
				4C43F5F31362513C00562474 /* FamilyListTableViewController.xib in Resources */,
				4CFA094B13661AFA008D3C1C /* icon.png in Resources */,
				4CFA094C13661AFA008D3C1C /* icon@2x.png in Resources */,
				4CFA096C136656E5008D3C1C /* photo_silhouette_female.gif in Resources */,
				4CFA096D136656E5008D3C1C /* photo_silhouette_male.gif in Resources */,
				4CFA096E136656E5008D3C1C /* photo_silhouette_unknown.gif in Resources */,
				4CFA097313665764008D3C1C /* ImmediateFamilyTableViewController.xib in Resources */,
				4C8B84D3136789CE008B461E /* logo_large.png in Resources */,
			);
			runOnlyForDeploymentPostprocessing = 0;
		};
/* End PBXResourcesBuildPhase section */

/* Begin PBXSourcesBuildPhase section */
		4C43F56A136243BF00562474 /* Sources */ = {
			isa = PBXSourcesBuildPhase;
			buildActionMask = 2147483647;
			files = (
				4C43F580136243BF00562474 /* main.m in Sources */,
				4C43F583136243BF00562474 /* FamilyListAppDelegate.m in Sources */,
				4C43F5CE136244E800562474 /* Geni.m in Sources */,
				4C43F5CF136244E800562474 /* GeniRequest.m in Sources */,
				4C43F5D0136244E800562474 /* NSObject+SBJSON.m in Sources */,
				4C43F5D1136244E800562474 /* NSString+SBJSON.m in Sources */,
				4C43F5D2136244E800562474 /* SBJSON.m in Sources */,
				4C43F5D3136244E800562474 /* SBJsonBase.m in Sources */,
				4C43F5D4136244E800562474 /* SBJsonParser.m in Sources */,
				4C43F5D5136244E800562474 /* SBJsonWriter.m in Sources */,
				4C43F5E613624E4D00562474 /* LoginViewController.m in Sources */,
				4C43F5F21362513C00562474 /* FamilyListTableViewController.m in Sources */,
				4C43F61013625CFC00562474 /* Profile.m in Sources */,
				4CFA095A136632C7008D3C1C /* ProfileTableViewCell.m in Sources */,
				4CFA097213665764008D3C1C /* ImmediateFamilyTableViewController.m in Sources */,
				4CFA097613665878008D3C1C /* Union.m in Sources */,
				4CFA0979136658D2008D3C1C /* Model.m in Sources */,
				4CFA097C13665D2E008D3C1C /* GeniTableViewController.m in Sources */,
			);
			runOnlyForDeploymentPostprocessing = 0;
		};
/* End PBXSourcesBuildPhase section */

/* Begin PBXVariantGroup section */
		4C43F57B136243BF00562474 /* InfoPlist.strings */ = {
			isa = PBXVariantGroup;
			children = (
				4C43F57C136243BF00562474 /* en */,
			);
			name = InfoPlist.strings;
			sourceTree = "<group>";
		};
		4C43F584136243BF00562474 /* MainWindow.xib */ = {
			isa = PBXVariantGroup;
			children = (
				4C43F585136243BF00562474 /* en */,
			);
			name = MainWindow.xib;
			sourceTree = "<group>";
		};
/* End PBXVariantGroup section */

/* Begin XCBuildConfiguration section */
		4C43F58D136243BF00562474 /* Debug */ = {
			isa = XCBuildConfiguration;
			buildSettings = {
				ARCHS = "$(ARCHS_STANDARD_32_BIT)";
				"CODE_SIGN_IDENTITY[sdk=iphoneos*]" = "iPhone Developer";
				GCC_C_LANGUAGE_STANDARD = gnu99;
				GCC_OPTIMIZATION_LEVEL = 0;
				GCC_PREPROCESSOR_DEFINITIONS = DEBUG;
				GCC_SYMBOLS_PRIVATE_EXTERN = NO;
				GCC_VERSION = com.apple.compilers.llvmgcc42;
				GCC_WARN_ABOUT_RETURN_TYPE = YES;
				GCC_WARN_UNUSED_VARIABLE = YES;
				IPHONEOS_DEPLOYMENT_TARGET = 4.3;
				SDKROOT = iphoneos;
			};
			name = Debug;
		};
		4C43F58E136243BF00562474 /* Release */ = {
			isa = XCBuildConfiguration;
			buildSettings = {
				ARCHS = "$(ARCHS_STANDARD_32_BIT)";
				"CODE_SIGN_IDENTITY[sdk=iphoneos*]" = "iPhone Developer";
				GCC_C_LANGUAGE_STANDARD = gnu99;
				GCC_VERSION = com.apple.compilers.llvmgcc42;
				GCC_WARN_ABOUT_RETURN_TYPE = YES;
				GCC_WARN_UNUSED_VARIABLE = YES;
				IPHONEOS_DEPLOYMENT_TARGET = 4.3;
				OTHER_CFLAGS = "-DNS_BLOCK_ASSERTIONS=1";
				SDKROOT = iphoneos;
			};
			name = Release;
		};
		4C43F590136243BF00562474 /* Debug */ = {
			isa = XCBuildConfiguration;
			buildSettings = {
				ALWAYS_SEARCH_USER_PATHS = NO;
				COPY_PHASE_STRIP = NO;
				GCC_DYNAMIC_NO_PIC = NO;
				GCC_PRECOMPILE_PREFIX_HEADER = YES;
				GCC_PREFIX_HEADER = "FamilyList/FamilyList-Prefix.pch";
				INFOPLIST_FILE = "FamilyList/FamilyList-Info.plist";
				PRODUCT_NAME = "$(TARGET_NAME)";
				WRAPPER_EXTENSION = app;
			};
			name = Debug;
		};
		4C43F591136243BF00562474 /* Release */ = {
			isa = XCBuildConfiguration;
			buildSettings = {
				ALWAYS_SEARCH_USER_PATHS = NO;
				COPY_PHASE_STRIP = YES;
				GCC_PRECOMPILE_PREFIX_HEADER = YES;
				GCC_PREFIX_HEADER = "FamilyList/FamilyList-Prefix.pch";
				INFOPLIST_FILE = "FamilyList/FamilyList-Info.plist";
				PRODUCT_NAME = "$(TARGET_NAME)";
				VALIDATE_PRODUCT = YES;
				WRAPPER_EXTENSION = app;
			};
			name = Release;
		};
/* End XCBuildConfiguration section */

/* Begin XCConfigurationList section */
		4C43F568136243BE00562474 /* Build configuration list for PBXProject "FamilyList" */ = {
			isa = XCConfigurationList;
			buildConfigurations = (
				4C43F58D136243BF00562474 /* Debug */,
				4C43F58E136243BF00562474 /* Release */,
			);
			defaultConfigurationIsVisible = 0;
			defaultConfigurationName = Release;
		};
		4C43F58F136243BF00562474 /* Build configuration list for PBXNativeTarget "FamilyList" */ = {
			isa = XCConfigurationList;
			buildConfigurations = (
				4C43F590136243BF00562474 /* Debug */,
				4C43F591136243BF00562474 /* Release */,
			);
			defaultConfigurationIsVisible = 0;
			defaultConfigurationName = Release;
		};
/* End XCConfigurationList section */
	};
	rootObject = 4C43F565136243BE00562474 /* Project object */;
}
