// !$*UTF8*$!
{
	archiveVersion = 1;
	classes = {
	};
	objectVersion = 46;
	objects = {

/* Begin PBXBuildFile section */
		4C150D0613623FE900A768C0 /* Foundation.framework in Frameworks */ = {isa = PBXBuildFile; fileRef = 4C150D0513623FE900A768C0 /* Foundation.framework */; };
		4C150D99136242C700A768C0 /* geni-ios-sdk-Prefix.pch in Headers */ = {isa = PBXBuildFile; fileRef = 4C150D98136242C700A768C0 /* geni-ios-sdk-Prefix.pch */; };
		4C150DA7136242D500A768C0 /* JSON.h in Headers */ = {isa = PBXBuildFile; fileRef = 4C150D9A136242D500A768C0 /* JSON.h */; };
		4C150DA8136242D500A768C0 /* NSObject+SBJSON.h in Headers */ = {isa = PBXBuildFile; fileRef = 4C150D9B136242D500A768C0 /* NSObject+SBJSON.h */; };
		4C150DA9136242D500A768C0 /* NSObject+SBJSON.m in Sources */ = {isa = PBXBuildFile; fileRef = 4C150D9C136242D500A768C0 /* NSObject+SBJSON.m */; };
		4C150DAA136242D500A768C0 /* NSString+SBJSON.h in Headers */ = {isa = PBXBuildFile; fileRef = 4C150D9D136242D500A768C0 /* NSString+SBJSON.h */; };
		4C150DAB136242D500A768C0 /* NSString+SBJSON.m in Sources */ = {isa = PBXBuildFile; fileRef = 4C150D9E136242D500A768C0 /* NSString+SBJSON.m */; };
		4C150DAC136242D500A768C0 /* SBJSON.h in Headers */ = {isa = PBXBuildFile; fileRef = 4C150D9F136242D500A768C0 /* SBJSON.h */; };
		4C150DAD136242D500A768C0 /* SBJSON.m in Sources */ = {isa = PBXBuildFile; fileRef = 4C150DA0136242D500A768C0 /* SBJSON.m */; };
		4C150DAE136242D500A768C0 /* SBJsonBase.h in Headers */ = {isa = PBXBuildFile; fileRef = 4C150DA1136242D500A768C0 /* SBJsonBase.h */; };
		4C150DAF136242D500A768C0 /* SBJsonBase.m in Sources */ = {isa = PBXBuildFile; fileRef = 4C150DA2136242D500A768C0 /* SBJsonBase.m */; };
		4C150DB0136242D500A768C0 /* SBJsonParser.h in Headers */ = {isa = PBXBuildFile; fileRef = 4C150DA3136242D500A768C0 /* SBJsonParser.h */; };
		4C150DB1136242D500A768C0 /* SBJsonParser.m in Sources */ = {isa = PBXBuildFile; fileRef = 4C150DA4136242D500A768C0 /* SBJsonParser.m */; };
		4C150DB2136242D500A768C0 /* SBJsonWriter.h in Headers */ = {isa = PBXBuildFile; fileRef = 4C150DA5136242D500A768C0 /* SBJsonWriter.h */; };
		4C150DB3136242D500A768C0 /* SBJsonWriter.m in Sources */ = {isa = PBXBuildFile; fileRef = 4C150DA6136242D500A768C0 /* SBJsonWriter.m */; };
		4C150DB91362431100A768C0 /* Geni.h in Headers */ = {isa = PBXBuildFile; fileRef = 4C150DB41362431100A768C0 /* Geni.h */; };
		4C150DBA1362431100A768C0 /* Geni.m in Sources */ = {isa = PBXBuildFile; fileRef = 4C150DB51362431100A768C0 /* Geni.m */; };
		4C150DBB1362431100A768C0 /* GeniConnect.h in Headers */ = {isa = PBXBuildFile; fileRef = 4C150DB61362431100A768C0 /* GeniConnect.h */; };
		4C150DBC1362431100A768C0 /* GeniRequest.h in Headers */ = {isa = PBXBuildFile; fileRef = 4C150DB71362431100A768C0 /* GeniRequest.h */; };
		4C150DBD1362431100A768C0 /* GeniRequest.m in Sources */ = {isa = PBXBuildFile; fileRef = 4C150DB81362431100A768C0 /* GeniRequest.m */; };
/* End PBXBuildFile section */

/* Begin PBXFileReference section */
		4C150D0213623FE900A768C0 /* libgeni-ios-sdk.a */ = {isa = PBXFileReference; explicitFileType = archive.ar; includeInIndex = 0; path = "libgeni-ios-sdk.a"; sourceTree = BUILT_PRODUCTS_DIR; };
		4C150D0513623FE900A768C0 /* Foundation.framework */ = {isa = PBXFileReference; lastKnownFileType = wrapper.framework; name = Foundation.framework; path = System/Library/Frameworks/Foundation.framework; sourceTree = SDKROOT; };
		4C150D98136242C700A768C0 /* geni-ios-sdk-Prefix.pch */ = {isa = PBXFileReference; fileEncoding = 4; lastKnownFileType = sourcecode.c.h; path = "geni-ios-sdk-Prefix.pch"; sourceTree = "<group>"; };
		4C150D9A136242D500A768C0 /* JSON.h */ = {isa = PBXFileReference; fileEncoding = 4; lastKnownFileType = sourcecode.c.h; name = JSON.h; path = JSON/JSON.h; sourceTree = SOURCE_ROOT; };
		4C150D9B136242D500A768C0 /* NSObject+SBJSON.h */ = {isa = PBXFileReference; fileEncoding = 4; lastKnownFileType = sourcecode.c.h; name = "NSObject+SBJSON.h"; path = "JSON/NSObject+SBJSON.h"; sourceTree = SOURCE_ROOT; };
		4C150D9C136242D500A768C0 /* NSObject+SBJSON.m */ = {isa = PBXFileReference; fileEncoding = 4; lastKnownFileType = sourcecode.c.objc; name = "NSObject+SBJSON.m"; path = "JSON/NSObject+SBJSON.m"; sourceTree = SOURCE_ROOT; };
		4C150D9D136242D500A768C0 /* NSString+SBJSON.h */ = {isa = PBXFileReference; fileEncoding = 4; lastKnownFileType = sourcecode.c.h; name = "NSString+SBJSON.h"; path = "JSON/NSString+SBJSON.h"; sourceTree = SOURCE_ROOT; };
		4C150D9E136242D500A768C0 /* NSString+SBJSON.m */ = {isa = PBXFileReference; fileEncoding = 4; lastKnownFileType = sourcecode.c.objc; name = "NSString+SBJSON.m"; path = "JSON/NSString+SBJSON.m"; sourceTree = SOURCE_ROOT; };
		4C150D9F136242D500A768C0 /* SBJSON.h */ = {isa = PBXFileReference; fileEncoding = 4; lastKnownFileType = sourcecode.c.h; name = SBJSON.h; path = JSON/SBJSON.h; sourceTree = SOURCE_ROOT; };
		4C150DA0136242D500A768C0 /* SBJSON.m */ = {isa = PBXFileReference; fileEncoding = 4; lastKnownFileType = sourcecode.c.objc; name = SBJSON.m; path = JSON/SBJSON.m; sourceTree = SOURCE_ROOT; };
		4C150DA1136242D500A768C0 /* SBJsonBase.h */ = {isa = PBXFileReference; fileEncoding = 4; lastKnownFileType = sourcecode.c.h; name = SBJsonBase.h; path = JSON/SBJsonBase.h; sourceTree = SOURCE_ROOT; };
		4C150DA2136242D500A768C0 /* SBJsonBase.m */ = {isa = PBXFileReference; fileEncoding = 4; lastKnownFileType = sourcecode.c.objc; name = SBJsonBase.m; path = JSON/SBJsonBase.m; sourceTree = SOURCE_ROOT; };
		4C150DA3136242D500A768C0 /* SBJsonParser.h */ = {isa = PBXFileReference; fileEncoding = 4; lastKnownFileType = sourcecode.c.h; name = SBJsonParser.h; path = JSON/SBJsonParser.h; sourceTree = SOURCE_ROOT; };
		4C150DA4136242D500A768C0 /* SBJsonParser.m */ = {isa = PBXFileReference; fileEncoding = 4; lastKnownFileType = sourcecode.c.objc; name = SBJsonParser.m; path = JSON/SBJsonParser.m; sourceTree = SOURCE_ROOT; };
		4C150DA5136242D500A768C0 /* SBJsonWriter.h */ = {isa = PBXFileReference; fileEncoding = 4; lastKnownFileType = sourcecode.c.h; name = SBJsonWriter.h; path = JSON/SBJsonWriter.h; sourceTree = SOURCE_ROOT; };
		4C150DA6136242D500A768C0 /* SBJsonWriter.m */ = {isa = PBXFileReference; fileEncoding = 4; lastKnownFileType = sourcecode.c.objc; name = SBJsonWriter.m; path = JSON/SBJsonWriter.m; sourceTree = SOURCE_ROOT; };
		4C150DB41362431100A768C0 /* Geni.h */ = {isa = PBXFileReference; fileEncoding = 4; lastKnownFileType = sourcecode.c.h; path = Geni.h; sourceTree = SOURCE_ROOT; };
		4C150DB51362431100A768C0 /* Geni.m */ = {isa = PBXFileReference; fileEncoding = 4; lastKnownFileType = sourcecode.c.objc; path = Geni.m; sourceTree = SOURCE_ROOT; };
		4C150DB61362431100A768C0 /* GeniConnect.h */ = {isa = PBXFileReference; fileEncoding = 4; lastKnownFileType = sourcecode.c.h; path = GeniConnect.h; sourceTree = SOURCE_ROOT; };
		4C150DB71362431100A768C0 /* GeniRequest.h */ = {isa = PBXFileReference; fileEncoding = 4; lastKnownFileType = sourcecode.c.h; path = GeniRequest.h; sourceTree = SOURCE_ROOT; };
		4C150DB81362431100A768C0 /* GeniRequest.m */ = {isa = PBXFileReference; fileEncoding = 4; lastKnownFileType = sourcecode.c.objc; path = GeniRequest.m; sourceTree = SOURCE_ROOT; };
/* End PBXFileReference section */

/* Begin PBXFrameworksBuildPhase section */
		4C150CFF13623FE900A768C0 /* Frameworks */ = {
			isa = PBXFrameworksBuildPhase;
			buildActionMask = 2147483647;
			files = (
				4C150D0613623FE900A768C0 /* Foundation.framework in Frameworks */,
			);
			runOnlyForDeploymentPostprocessing = 0;
		};
/* End PBXFrameworksBuildPhase section */

/* Begin PBXGroup section */
		4C150CF713623FE900A768C0 = {
			isa = PBXGroup;
			children = (
				4C150D6E1362425E00A768C0 /* GeniConnect */,
				4C150D5C136241F500A768C0 /* Supporting Files */,
				4C150D601362425E00A768C0 /* JSON */,
				4C150D0413623FE900A768C0 /* Frameworks */,
				4C150D0313623FE900A768C0 /* Products */,
			);
			sourceTree = "<group>";
		};
		4C150D0313623FE900A768C0 /* Products */ = {
			isa = PBXGroup;
			children = (
				4C150D0213623FE900A768C0 /* libgeni-ios-sdk.a */,
			);
			name = Products;
			sourceTree = "<group>";
		};
		4C150D0413623FE900A768C0 /* Frameworks */ = {
			isa = PBXGroup;
			children = (
				4C150D0513623FE900A768C0 /* Foundation.framework */,
			);
			name = Frameworks;
			sourceTree = "<group>";
		};
		4C150D5C136241F500A768C0 /* Supporting Files */ = {
			isa = PBXGroup;
			children = (
				4C150D98136242C700A768C0 /* geni-ios-sdk-Prefix.pch */,
			);
			name = "Supporting Files";
			sourceTree = "<group>";
		};
		4C150D601362425E00A768C0 /* JSON */ = {
			isa = PBXGroup;
			children = (
				4C150D9A136242D500A768C0 /* JSON.h */,
				4C150D9B136242D500A768C0 /* NSObject+SBJSON.h */,
				4C150D9C136242D500A768C0 /* NSObject+SBJSON.m */,
				4C150D9D136242D500A768C0 /* NSString+SBJSON.h */,
				4C150D9E136242D500A768C0 /* NSString+SBJSON.m */,
				4C150D9F136242D500A768C0 /* SBJSON.h */,
				4C150DA0136242D500A768C0 /* SBJSON.m */,
				4C150DA1136242D500A768C0 /* SBJsonBase.h */,
				4C150DA2136242D500A768C0 /* SBJsonBase.m */,
				4C150DA3136242D500A768C0 /* SBJsonParser.h */,
				4C150DA4136242D500A768C0 /* SBJsonParser.m */,
				4C150DA5136242D500A768C0 /* SBJsonWriter.h */,
				4C150DA6136242D500A768C0 /* SBJsonWriter.m */,
			);
			name = JSON;
			path = "geni-ios-sdk/JSON";
			sourceTree = "<group>";
		};
		4C150D6E1362425E00A768C0 /* GeniConnect */ = {
			isa = PBXGroup;
			children = (
				4C150DB41362431100A768C0 /* Geni.h */,
				4C150DB51362431100A768C0 /* Geni.m */,
				4C150DB61362431100A768C0 /* GeniConnect.h */,
				4C150DB71362431100A768C0 /* GeniRequest.h */,
				4C150DB81362431100A768C0 /* GeniRequest.m */,
			);
			name = GeniConnect;
			path = "geni-ios-sdk/src";
			sourceTree = "<group>";
		};
/* End PBXGroup section */

/* Begin PBXHeadersBuildPhase section */
		4C150D0013623FE900A768C0 /* Headers */ = {
			isa = PBXHeadersBuildPhase;
			buildActionMask = 2147483647;
			files = (
				4C150D99136242C700A768C0 /* geni-ios-sdk-Prefix.pch in Headers */,
				4C150DA7136242D500A768C0 /* JSON.h in Headers */,
				4C150DA8136242D500A768C0 /* NSObject+SBJSON.h in Headers */,
				4C150DAA136242D500A768C0 /* NSString+SBJSON.h in Headers */,
				4C150DAC136242D500A768C0 /* SBJSON.h in Headers */,
				4C150DAE136242D500A768C0 /* SBJsonBase.h in Headers */,
				4C150DB0136242D500A768C0 /* SBJsonParser.h in Headers */,
				4C150DB2136242D500A768C0 /* SBJsonWriter.h in Headers */,
				4C150DB91362431100A768C0 /* Geni.h in Headers */,
				4C150DBB1362431100A768C0 /* GeniConnect.h in Headers */,
				4C150DBC1362431100A768C0 /* GeniRequest.h in Headers */,
			);
			runOnlyForDeploymentPostprocessing = 0;
		};
/* End PBXHeadersBuildPhase section */

/* Begin PBXNativeTarget section */
		4C150D0113623FE900A768C0 /* geni-ios-sdk */ = {
			isa = PBXNativeTarget;
			buildConfigurationList = 4C150D0C13623FE900A768C0 /* Build configuration list for PBXNativeTarget "geni-ios-sdk" */;
			buildPhases = (
				4C150CFE13623FE900A768C0 /* Sources */,
				4C150CFF13623FE900A768C0 /* Frameworks */,
				4C150D0013623FE900A768C0 /* Headers */,
			);
			buildRules = (
			);
			dependencies = (
			);
			name = "geni-ios-sdk";
			productName = "geni-ios-sdk";
			productReference = 4C150D0213623FE900A768C0 /* libgeni-ios-sdk.a */;
			productType = "com.apple.product-type.library.static";
		};
/* End PBXNativeTarget section */

/* Begin PBXProject section */
		4C150CF913623FE900A768C0 /* Project object */ = {
			isa = PBXProject;
			attributes = {
				ORGANIZATIONNAME = Geni.com;
			};
			buildConfigurationList = 4C150CFC13623FE900A768C0 /* Build configuration list for PBXProject "geni-ios-sdk" */;
			compatibilityVersion = "Xcode 3.2";
			developmentRegion = English;
			hasScannedForEncodings = 0;
			knownRegions = (
				en,
			);
			mainGroup = 4C150CF713623FE900A768C0;
			productRefGroup = 4C150D0313623FE900A768C0 /* Products */;
			projectDirPath = "";
			projectRoot = "";
			targets = (
				4C150D0113623FE900A768C0 /* geni-ios-sdk */,
			);
		};
/* End PBXProject section */

/* Begin PBXSourcesBuildPhase section */
		4C150CFE13623FE900A768C0 /* Sources */ = {
			isa = PBXSourcesBuildPhase;
			buildActionMask = 2147483647;
			files = (
				4C150DA9136242D500A768C0 /* NSObject+SBJSON.m in Sources */,
				4C150DAB136242D500A768C0 /* NSString+SBJSON.m in Sources */,
				4C150DAD136242D500A768C0 /* SBJSON.m in Sources */,
				4C150DAF136242D500A768C0 /* SBJsonBase.m in Sources */,
				4C150DB1136242D500A768C0 /* SBJsonParser.m in Sources */,
				4C150DB3136242D500A768C0 /* SBJsonWriter.m in Sources */,
				4C150DBA1362431100A768C0 /* Geni.m in Sources */,
				4C150DBD1362431100A768C0 /* GeniRequest.m in Sources */,
			);
			runOnlyForDeploymentPostprocessing = 0;
		};
/* End PBXSourcesBuildPhase section */

/* Begin XCBuildConfiguration section */
		4C150D0A13623FE900A768C0 /* Debug */ = {
			isa = XCBuildConfiguration;
			buildSettings = {
				ARCHS = "$(ARCHS_STANDARD_32_BIT)";
				GCC_C_LANGUAGE_STANDARD = gnu99;
				GCC_OPTIMIZATION_LEVEL = 0;
				GCC_PREPROCESSOR_DEFINITIONS = DEBUG;
				GCC_SYMBOLS_PRIVATE_EXTERN = NO;
				GCC_VERSION = com.apple.compilers.llvmgcc42;
				GCC_WARN_ABOUT_RETURN_TYPE = YES;
				GCC_WARN_UNUSED_VARIABLE = YES;
				IPHONEOS_DEPLOYMENT_TARGET = 4.3;
				SDKROOT = iphoneos;
			};
			name = Debug;
		};
		4C150D0B13623FE900A768C0 /* Release */ = {
			isa = XCBuildConfiguration;
			buildSettings = {
				ARCHS = "$(ARCHS_STANDARD_32_BIT)";
				GCC_C_LANGUAGE_STANDARD = gnu99;
				GCC_VERSION = com.apple.compilers.llvmgcc42;
				GCC_WARN_ABOUT_RETURN_TYPE = YES;
				GCC_WARN_UNUSED_VARIABLE = YES;
				IPHONEOS_DEPLOYMENT_TARGET = 4.3;
				SDKROOT = iphoneos;
			};
			name = Release;
		};
		4C150D0D13623FE900A768C0 /* Debug */ = {
			isa = XCBuildConfiguration;
			buildSettings = {
				ALWAYS_SEARCH_USER_PATHS = NO;
				DSTROOT = /tmp/geni_ios_sdk.dst;
				GCC_PRECOMPILE_PREFIX_HEADER = YES;
				GCC_PREFIX_HEADER = "geni-ios-sdk-Prefix.pch";
				OTHER_LDFLAGS = "-ObjC";
				PRODUCT_NAME = "$(TARGET_NAME)";
			};
			name = Debug;
		};
		4C150D0E13623FE900A768C0 /* Release */ = {
			isa = XCBuildConfiguration;
			buildSettings = {
				ALWAYS_SEARCH_USER_PATHS = NO;
				DSTROOT = /tmp/geni_ios_sdk.dst;
				GCC_PRECOMPILE_PREFIX_HEADER = YES;
				GCC_PREFIX_HEADER = "geni-ios-sdk-Prefix.pch";
				OTHER_LDFLAGS = "-ObjC";
				PRODUCT_NAME = "$(TARGET_NAME)";
			};
			name = Release;
		};
/* End XCBuildConfiguration section */

/* Begin XCConfigurationList section */
		4C150CFC13623FE900A768C0 /* Build configuration list for PBXProject "geni-ios-sdk" */ = {
			isa = XCConfigurationList;
			buildConfigurations = (
				4C150D0A13623FE900A768C0 /* Debug */,
				4C150D0B13623FE900A768C0 /* Release */,
			);
			defaultConfigurationIsVisible = 0;
			defaultConfigurationName = Release;
		};
		4C150D0C13623FE900A768C0 /* Build configuration list for PBXNativeTarget "geni-ios-sdk" */ = {
			isa = XCConfigurationList;
			buildConfigurations = (
				4C150D0D13623FE900A768C0 /* Debug */,
				4C150D0E13623FE900A768C0 /* Release */,
			);
			defaultConfigurationIsVisible = 0;
			defaultConfigurationName = Release;
		};
/* End XCConfigurationList section */
	};
	rootObject = 4C150CF913623FE900A768C0 /* Project object */;
}
